
Microsoft Visual Studio Solution File, Format Version 12.00
# Visual Studio Version 17
VisualStudioVersion = 17.14.37411.7 d17.14
MinimumVisualStudioVersion = 10.0.40219.1
Project("{FAE04EC0-301F-11D3-BF4B-00C04F79EFBC}") = "InsurancePartnerManagement", "InsurancePartnerManagement.csproj", "{4409681D-3F2E-438B-B9DE-A0B4FA1D175B}"
EndProject
Global
	GlobalSection(SolutionConfigurationPlatforms) = preSolution
		Debug|Any CPU = Debug|Any CPU
		Release|Any CPU = Release|Any CPU
	EndGlobalSection
	GlobalSection(ProjectConfigurationPlatforms) = postSolution
		{4409681D-3F2E-438B-B9DE-A0B4FA1D175B}.Debug|Any CPU.ActiveCfg = Debug|Any CPU
		{4409681D-3F2E-438B-B9DE-A0B4FA1D175B}.Debug|Any CPU.Build.0 = Debug|Any CPU
		{4409681D-3F2E-438B-B9DE-A0B4FA1D175B}.Release|Any CPU.ActiveCfg = Release|Any CPU
		{4409681D-3F2E-438B-B9DE-A0B4FA1D175B}.Release|Any CPU.Build.0 = Release|Any CPU
	EndGlobalSection
	GlobalSection(SolutionProperties) = preSolution
		HideSolutionNode = FALSE
	EndGlobalSection
	GlobalSection(ExtensibilityGlobals) = postSolution
		SolutionGuid = {AF27BFEB-349C-4103-B66E-78EA7E410586}
	EndGlobalSection
EndGlobal
